{
  "name": "myapp",
  "version": "1.0.0",
  "lockfileVersion": 1,
  "requires": true,
  "dependencies": {
    "bootstrap": {
      "version": "4.3.1",
      "resolved": "https://registry.npmjs.org/bootstrap/-/bootstrap-4.3.1.tgz",
      "integrity": "sha512-rXqOmH1VilAt2DyPzluTi2blhk17bO7ef+zLLPlWvG494pDxcM234pJ8wTc/6R40UWizAIIMgxjvxZg5kmsbag=="
    },
    "bootstrap-datetime-picker": {
      "version": "2.4.4",
      "resolved": "https://registry.npmjs.org/bootstrap-datetime-picker/-/bootstrap-datetime-picker-2.4.4.tgz",
      "integrity": "sha1-t8/oQ6PG0iHAMpPJpGSkzDXXOWg="
    },
    "jquery": {
      "version": "3.4.1",
      "resolved": "https://registry.npmjs.org/jquery/-/jquery-3.4.1.tgz",
      "integrity": "sha512-36+AdBzCL+y6qjw5Tx7HgzeGCzC81MDDgaUP8ld2zhx58HdqXGoBd+tHdrBMiyjGQs0Hxs/MLZTu/eHNJJuWPw=="
    },
    "sweetalert2": {
      "version": "8.13.4",
      "resolved": "https://registry.npmjs.org/sweetalert2/-/sweetalert2-8.13.4.tgz",
      "integrity": "sha512-9hW4GGj08D60bqDPF0paN/NJvsPIDrWSY2fPVmqS4M/XaEsZiNF7HNaObdnQJ0FeD8Q9gJgkkFgvyDdXednT3Q=="
    },
    "wow.js": {
      "version": "1.2.2",
      "resolved": "https://registry.npmjs.org/wow.js/-/wow.js-1.2.2.tgz",
      "integrity": "sha1-JHUZsKNCMZsaY+Iq6prOwanqV/U="
    }
  }
}
